
Microsoft Visual Studio Solution File, Format Version 12.00
# Visual Studio 15
VisualStudioVersion = 15.0.28010.2036
MinimumVisualStudioVersion = 10.0.40219.1
Project("{9A19103F-16F7-4668-BE54-9A1E7A4F7556}") = "PipeValidate", "PipeValidate.csproj", "{862FAF96-BE25-4CC1-ACFC-A27605E6C806}"
EndProject
Project("{9A19103F-16F7-4668-BE54-9A1E7A4F7556}") = "PipeValidate.Test", "PipeValidate.Test\PipeValidate.Test.csproj", "{9751AAF9-DFBD-4ECA-908D-18F1A491E41E}"
EndProject
Global
	GlobalSection(SolutionConfigurationPlatforms) = preSolution
		Debug|Any CPU = Debug|Any CPU
		Release|Any CPU = Release|Any CPU
	EndGlobalSection
	GlobalSection(ProjectConfigurationPlatforms) = postSolution
		{862FAF96-BE25-4CC1-ACFC-A27605E6C806}.Debug|Any CPU.ActiveCfg = Debug|Any CPU
		{862FAF96-BE25-4CC1-ACFC-A27605E6C806}.Debug|Any CPU.Build.0 = Debug|Any CPU
		{862FAF96-BE25-4CC1-ACFC-A27605E6C806}.Release|Any CPU.ActiveCfg = Release|Any CPU
		{862FAF96-BE25-4CC1-ACFC-A27605E6C806}.Release|Any CPU.Build.0 = Release|Any CPU
		{9751AAF9-DFBD-4ECA-908D-18F1A491E41E}.Debug|Any CPU.ActiveCfg = Debug|Any CPU
		{9751AAF9-DFBD-4ECA-908D-18F1A491E41E}.Debug|Any CPU.Build.0 = Debug|Any CPU
		{9751AAF9-DFBD-4ECA-908D-18F1A491E41E}.Release|Any CPU.ActiveCfg = Release|Any CPU
		{9751AAF9-DFBD-4ECA-908D-18F1A491E41E}.Release|Any CPU.Build.0 = Release|Any CPU
	EndGlobalSection
	GlobalSection(SolutionProperties) = preSolution
		HideSolutionNode = FALSE
	EndGlobalSection
	GlobalSection(ExtensibilityGlobals) = postSolution
		SolutionGuid = {022A9839-2698-47E3-922C-86A3529C5BC6}
	EndGlobalSection
EndGlobal
